
Microsoft Visual Studio Solution File, Format Version 12.00
# Visual Studio Version 16
VisualStudioVersion = 16.0.31613.86
MinimumVisualStudioVersion = 10.0.40219.1
Project("{FAE04EC0-301F-11D3-BF4B-00C04F79EFBC}") = "AppleExercise", "AppleExercise\AppleExercise.csproj", "{7218282C-30B8-4C99-B52C-ACB5E24E50BA}"
EndProject
Global
	GlobalSection(SolutionConfigurationPlatforms) = preSolution
		Debug|Any CPU = Debug|Any CPU
		Release|Any CPU = Release|Any CPU
	EndGlobalSection
	GlobalSection(ProjectConfigurationPlatforms) = postSolution
		{7218282C-30B8-4C99-B52C-ACB5E24E50BA}.Debug|Any CPU.ActiveCfg = Debug|Any CPU
		{7218282C-30B8-4C99-B52C-ACB5E24E50BA}.Debug|Any CPU.Build.0 = Debug|Any CPU
		{7218282C-30B8-4C99-B52C-ACB5E24E50BA}.Release|Any CPU.ActiveCfg = Release|Any CPU
		{7218282C-30B8-4C99-B52C-ACB5E24E50BA}.Release|Any CPU.Build.0 = Release|Any CPU
	EndGlobalSection
	GlobalSection(SolutionProperties) = preSolution
		HideSolutionNode = FALSE
	EndGlobalSection
	GlobalSection(ExtensibilityGlobals) = postSolution
		SolutionGuid = {0BA7FEC9-77E4-45F8-A01D-A8C527E75B5A}
	EndGlobalSection
EndGlobal
